
Microsoft Visual Studio Solution File, Format Version 12.00
# Visual Studio Version 17
VisualStudioVersion = 17.4.33213.308
MinimumVisualStudioVersion = 10.0.40219.1
Project("{FAE04EC0-301F-11D3-BF4B-00C04F79EFBC}") = "gestione_account_password", "gestione_account_password\gestione_account_password.csproj", "{584C5472-B833-4AE6-BE85-BAA626B9AEA0}"
EndProject
Global
	GlobalSection(SolutionConfigurationPlatforms) = preSolution
		Debug|Any CPU = Debug|Any CPU
		Release|Any CPU = Release|Any CPU
	EndGlobalSection
	GlobalSection(ProjectConfigurationPlatforms) = postSolution
		{584C5472-B833-4AE6-BE85-BAA626B9AEA0}.Debug|Any CPU.ActiveCfg = Debug|Any CPU
		{584C5472-B833-4AE6-BE85-BAA626B9AEA0}.Debug|Any CPU.Build.0 = Debug|Any CPU
		{584C5472-B833-4AE6-BE85-BAA626B9AEA0}.Release|Any CPU.ActiveCfg = Release|Any CPU
		{584C5472-B833-4AE6-BE85-BAA626B9AEA0}.Release|Any CPU.Build.0 = Release|Any CPU
	EndGlobalSection
	GlobalSection(SolutionProperties) = preSolution
		HideSolutionNode = FALSE
	EndGlobalSection
	GlobalSection(ExtensibilityGlobals) = postSolution
		SolutionGuid = {14C0D0C3-5516-4605-8C88-28B36CCE6EBE}
	EndGlobalSection
EndGlobal
